
Microsoft Visual Studio Solution File, Format Version 12.00
# Visual Studio Version 16
VisualStudioVersion = 16.0.30503.244
MinimumVisualStudioVersion = 10.0.40219.1
Project("{2150E333-8FDC-42A3-9474-1A3956D46DE8}") = "Libraries", "Libraries", "{4FCA41C2-B14F-4D06-AFCC-95F58EE7075B}"
EndProject
Project("{2150E333-8FDC-42A3-9474-1A3956D46DE8}") = "Mocks", "Mocks", "{9FB42D22-59BB-4280-A5FF-067757D60912}"
EndProject
Project("{2150E333-8FDC-42A3-9474-1A3956D46DE8}") = "Services", "Services", "{4B4F1F59-9ED4-421E-9F9A-D31C79E6A169}"
EndProject
Project("{9A19103F-16F7-4668-BE54-9A1E7A4F7556}") = "Database", "Libraries\Database\Database.csproj", "{F4363EE4-40BD-499A-9A60-28D80C29517E}"
EndProject
Project("{9A19103F-16F7-4668-BE54-9A1E7A4F7556}") = "Extensions", "Libraries\Extensions\Extensions.csproj", "{90ADD565-FFDE-419E-A19B-E05E35AE1A27}"
EndProject
Project("{9A19103F-16F7-4668-BE54-9A1E7A4F7556}") = "JsonDb", "Mocks\JsonDb\JsonDb.csproj", "{087176AF-8A40-46EF-BA8A-D796DA34A571}"
EndProject
Project("{9A19103F-16F7-4668-BE54-9A1E7A4F7556}") = "Scanner", "Mocks\Scanner\Scanner.csproj", "{86254F30-6802-415B-A470-39B881096757}"
EndProject
Project("{9A19103F-16F7-4668-BE54-9A1E7A4F7556}") = "Authentication", "Services\Authentication\Authentication.csproj", "{AA94C7C1-8419-4FAC-96DE-74942474DDA8}"
EndProject
Project("{9A19103F-16F7-4668-BE54-9A1E7A4F7556}") = "Broker", "Services\Broker\Broker.csproj", "{EE7B2BE6-0069-42A8-BB60-FD48BB624FA8}"
EndProject
Project("{9A19103F-16F7-4668-BE54-9A1E7A4F7556}") = "App", "Services\Device\App.csproj", "{FA18CB2F-245F-4F70-87C5-00ABA1B18DD9}"
EndProject
Project("{9A19103F-16F7-4668-BE54-9A1E7A4F7556}") = "Microcontroller", "Services\Update\Microcontroller.csproj", "{C522E35B-B70A-49C8-9A61-29DD893E1771}"
EndProject
Global
	GlobalSection(SolutionConfigurationPlatforms) = preSolution
		Debug|Any CPU = Debug|Any CPU
		Release|Any CPU = Release|Any CPU
	EndGlobalSection
	GlobalSection(ProjectConfigurationPlatforms) = postSolution
		{F4363EE4-40BD-499A-9A60-28D80C29517E}.Debug|Any CPU.ActiveCfg = Debug|Any CPU
		{F4363EE4-40BD-499A-9A60-28D80C29517E}.Debug|Any CPU.Build.0 = Debug|Any CPU
		{F4363EE4-40BD-499A-9A60-28D80C29517E}.Release|Any CPU.ActiveCfg = Release|Any CPU
		{F4363EE4-40BD-499A-9A60-28D80C29517E}.Release|Any CPU.Build.0 = Release|Any CPU
		{90ADD565-FFDE-419E-A19B-E05E35AE1A27}.Debug|Any CPU.ActiveCfg = Debug|Any CPU
		{90ADD565-FFDE-419E-A19B-E05E35AE1A27}.Debug|Any CPU.Build.0 = Debug|Any CPU
		{90ADD565-FFDE-419E-A19B-E05E35AE1A27}.Release|Any CPU.ActiveCfg = Release|Any CPU
		{90ADD565-FFDE-419E-A19B-E05E35AE1A27}.Release|Any CPU.Build.0 = Release|Any CPU
		{087176AF-8A40-46EF-BA8A-D796DA34A571}.Debug|Any CPU.ActiveCfg = Debug|Any CPU
		{087176AF-8A40-46EF-BA8A-D796DA34A571}.Debug|Any CPU.Build.0 = Debug|Any CPU
		{087176AF-8A40-46EF-BA8A-D796DA34A571}.Release|Any CPU.ActiveCfg = Release|Any CPU
		{087176AF-8A40-46EF-BA8A-D796DA34A571}.Release|Any CPU.Build.0 = Release|Any CPU
		{86254F30-6802-415B-A470-39B881096757}.Debug|Any CPU.ActiveCfg = Debug|Any CPU
		{86254F30-6802-415B-A470-39B881096757}.Debug|Any CPU.Build.0 = Debug|Any CPU
		{86254F30-6802-415B-A470-39B881096757}.Release|Any CPU.ActiveCfg = Release|Any CPU
		{86254F30-6802-415B-A470-39B881096757}.Release|Any CPU.Build.0 = Release|Any CPU
		{AA94C7C1-8419-4FAC-96DE-74942474DDA8}.Debug|Any CPU.ActiveCfg = Debug|Any CPU
		{AA94C7C1-8419-4FAC-96DE-74942474DDA8}.Debug|Any CPU.Build.0 = Debug|Any CPU
		{AA94C7C1-8419-4FAC-96DE-74942474DDA8}.Release|Any CPU.ActiveCfg = Release|Any CPU
		{AA94C7C1-8419-4FAC-96DE-74942474DDA8}.Release|Any CPU.Build.0 = Release|Any CPU
		{EE7B2BE6-0069-42A8-BB60-FD48BB624FA8}.Debug|Any CPU.ActiveCfg = Debug|Any CPU
		{EE7B2BE6-0069-42A8-BB60-FD48BB624FA8}.Debug|Any CPU.Build.0 = Debug|Any CPU
		{EE7B2BE6-0069-42A8-BB60-FD48BB624FA8}.Release|Any CPU.ActiveCfg = Release|Any CPU
		{EE7B2BE6-0069-42A8-BB60-FD48BB624FA8}.Release|Any CPU.Build.0 = Release|Any CPU
		{FA18CB2F-245F-4F70-87C5-00ABA1B18DD9}.Debug|Any CPU.ActiveCfg = Debug|Any CPU
		{FA18CB2F-245F-4F70-87C5-00ABA1B18DD9}.Debug|Any CPU.Build.0 = Debug|Any CPU
		{FA18CB2F-245F-4F70-87C5-00ABA1B18DD9}.Release|Any CPU.ActiveCfg = Release|Any CPU
		{FA18CB2F-245F-4F70-87C5-00ABA1B18DD9}.Release|Any CPU.Build.0 = Release|Any CPU
		{C522E35B-B70A-49C8-9A61-29DD893E1771}.Debug|Any CPU.ActiveCfg = Debug|Any CPU
		{C522E35B-B70A-49C8-9A61-29DD893E1771}.Debug|Any CPU.Build.0 = Debug|Any CPU
		{C522E35B-B70A-49C8-9A61-29DD893E1771}.Release|Any CPU.ActiveCfg = Release|Any CPU
		{C522E35B-B70A-49C8-9A61-29DD893E1771}.Release|Any CPU.Build.0 = Release|Any CPU
	EndGlobalSection
	GlobalSection(SolutionProperties) = preSolution
		HideSolutionNode = FALSE
	EndGlobalSection
	GlobalSection(NestedProjects) = preSolution
		{F4363EE4-40BD-499A-9A60-28D80C29517E} = {4FCA41C2-B14F-4D06-AFCC-95F58EE7075B}
		{90ADD565-FFDE-419E-A19B-E05E35AE1A27} = {4FCA41C2-B14F-4D06-AFCC-95F58EE7075B}
		{087176AF-8A40-46EF-BA8A-D796DA34A571} = {9FB42D22-59BB-4280-A5FF-067757D60912}
		{86254F30-6802-415B-A470-39B881096757} = {9FB42D22-59BB-4280-A5FF-067757D60912}
		{AA94C7C1-8419-4FAC-96DE-74942474DDA8} = {4B4F1F59-9ED4-421E-9F9A-D31C79E6A169}
		{EE7B2BE6-0069-42A8-BB60-FD48BB624FA8} = {4B4F1F59-9ED4-421E-9F9A-D31C79E6A169}
		{FA18CB2F-245F-4F70-87C5-00ABA1B18DD9} = {4B4F1F59-9ED4-421E-9F9A-D31C79E6A169}
		{C522E35B-B70A-49C8-9A61-29DD893E1771} = {4B4F1F59-9ED4-421E-9F9A-D31C79E6A169}
	EndGlobalSection
	GlobalSection(ExtensibilityGlobals) = postSolution
		SolutionGuid = {E8092B56-B3C9-40D9-B354-53F65858B337}
	EndGlobalSection
EndGlobal
