
Microsoft Visual Studio Solution File, Format Version 12.00
# Visual Studio Version 16
VisualStudioVersion = 16.0.29920.165
MinimumVisualStudioVersion = 10.0.40219.1
Project("{9A19103F-16F7-4668-BE54-9A1E7A4F7556}") = "Device", "Device.csproj", "{BE42716D-A335-487C-BC74-591223316224}"
EndProject
Global
	GlobalSection(SolutionConfigurationPlatforms) = preSolution
		Debug|Any CPU = Debug|Any CPU
		Release|Any CPU = Release|Any CPU
	EndGlobalSection
	GlobalSection(ProjectConfigurationPlatforms) = postSolution
		{BE42716D-A335-487C-BC74-591223316224}.Debug|Any CPU.ActiveCfg = Debug|Any CPU
		{BE42716D-A335-487C-BC74-591223316224}.Debug|Any CPU.Build.0 = Debug|Any CPU
		{BE42716D-A335-487C-BC74-591223316224}.Release|Any CPU.ActiveCfg = Release|Any CPU
		{BE42716D-A335-487C-BC74-591223316224}.Release|Any CPU.Build.0 = Release|Any CPU
	EndGlobalSection
	GlobalSection(SolutionProperties) = preSolution
		HideSolutionNode = FALSE
	EndGlobalSection
	GlobalSection(ExtensibilityGlobals) = postSolution
		SolutionGuid = {BB62384F-51D6-447F-8269-70DE4EAD9A35}
	EndGlobalSection
EndGlobal
